Microsoft Visual Studio Solution File, Format Version 12.00
# Visual Studio Version 17
VisualStudioVersion = 17.13.35825.156
MinimumVisualStudioVersion = 10.0.40219.1
Project("{FAE04EC0-301F-11D3-BF4B-00C04F79EFBC}") = "ClientWebRP", "ClientWebRP\ClientWebRP.csproj", "{3E79A3D2-A69D-4B6E-8A4F-7CE502C8F439}"
EndProject
Project("{FAE04EC0-301F-11D3-BF4B-00C04F79EFBC}") = "ServerWebAPI", "ServerWebAPI\ServerWebAPI.csproj", "{2749853F-8F9E-0773-F38F-D42F50CE14AE}"
EndProject
Global
	GlobalSection(SolutionConfigurationPlatforms) = preSolution
		Debug|Any CPU = Debug|Any CPU
		Release|Any CPU = Release|Any CPU
	EndGlobalSection
	GlobalSection(ProjectConfigurationPlatforms) = postSolution
		{3E79A3D2-A69D-4B6E-8A4F-7CE502C8F439}.Debug|Any CPU.ActiveCfg = Debug|Any CPU
		{3E79A3D2-A69D-4B6E-8A4F-7CE502C8F439}.Debug|Any CPU.Build.0 = Debug|Any CPU
		{3E79A3D2-A69D-4B6E-8A4F-7CE502C8F439}.Release|Any CPU.ActiveCfg = Release|Any CPU
		{3E79A3D2-A69D-4B6E-8A4F-7CE502C8F439}.Release|Any CPU.Build.0 = Release|Any CPU
		{2749853F-8F9E-0773-F38F-D42F50CE14AE}.Debug|Any CPU.ActiveCfg = Debug|Any CPU
		{2749853F-8F9E-0773-F38F-D42F50CE14AE}.Debug|Any CPU.Build.0 = Debug|Any CPU
		{2749853F-8F9E-0773-F38F-D42F50CE14AE}.Release|Any CPU.ActiveCfg = Release|Any CPU
		{2749853F-8F9E-0773-F38F-D42F50CE14AE}.Release|Any CPU.Build.0 = Release|Any CPU
	EndGlobalSection
	GlobalSection(SolutionProperties) = preSolution
		HideSolutionNode = FALSE
	EndGlobalSection
	GlobalSection(ExtensibilityGlobals) = postSolution
		SolutionGuid = {79F188B4-D317-45F4-9D6A-170954B26B99}
	EndGlobalSection
EndGlobal
